{
  "name": "use-package",
  "version": "1.0.0",
  "lockfileVersion": 2,
  "requires": true,
  "packages": {
    "": {
      "name": "use-package",
      "version": "1.0.0",
      "license": "ISC",
      "dependencies": {
        "addition-two-numbers-module": "^0.0.0"
      }
    },
    "node_modules/addition-two-numbers-module": {
      "version": "0.0.0",
      "resolved": "https://registry.npmjs.org/addition-two-numbers-module/-/addition-two-numbers-module-0.0.0.tgz",
      "integrity": "sha512-tZt6YI40SrGmQcrQIdFrR3J7wl/ThbTbuvB51kUzXUoPSMkWXXFFc24AMgdKm5ax7jT11417EIBAhlFfCfKghg=="
    }
  },
  "dependencies": {
    "addition-two-numbers-module": {
      "version": "0.0.0",
      "resolved": "https://registry.npmjs.org/addition-two-numbers-module/-/addition-two-numbers-module-0.0.0.tgz",
      "integrity": "sha512-tZt6YI40SrGmQcrQIdFrR3J7wl/ThbTbuvB51kUzXUoPSMkWXXFFc24AMgdKm5ax7jT11417EIBAhlFfCfKghg=="
    }
  }
}
